
Microsoft Visual Studio Solution File, Format Version 12.00
Project("{FAE04EC0-301F-11D3-BF4B-00C04F79EFBC}") = "InterfaceLab", "InterfaceLab\InterfaceLab.csproj", "{BFF2E26D-E46C-4ADB-B636-C780041C8B15}"
EndProject
Project("{FAE04EC0-301F-11D3-BF4B-00C04F79EFBC}") = "CalculatorLib", "CalculatorLib\CalculatorLib.csproj", "{77F9FFBB-2D43-454D-B640-3DEC778637D6}"
EndProject
Project("{FAE04EC0-301F-11D3-BF4B-00C04F79EFBC}") = "CalculatorLib.Tests", "CalculatorLib.Tests\CalculatorLib.Tests.csproj", "{82937C6C-D667-4515-9F77-BA38F870DE04}"
EndProject
Global
	GlobalSection(SolutionConfigurationPlatforms) = preSolution
		Debug|Any CPU = Debug|Any CPU
		Release|Any CPU = Release|Any CPU
	EndGlobalSection
	GlobalSection(ProjectConfigurationPlatforms) = postSolution
		{BFF2E26D-E46C-4ADB-B636-C780041C8B15}.Debug|Any CPU.ActiveCfg = Debug|Any CPU
		{BFF2E26D-E46C-4ADB-B636-C780041C8B15}.Debug|Any CPU.Build.0 = Debug|Any CPU
		{BFF2E26D-E46C-4ADB-B636-C780041C8B15}.Release|Any CPU.ActiveCfg = Release|Any CPU
		{BFF2E26D-E46C-4ADB-B636-C780041C8B15}.Release|Any CPU.Build.0 = Release|Any CPU
		{77F9FFBB-2D43-454D-B640-3DEC778637D6}.Debug|Any CPU.ActiveCfg = Debug|Any CPU
		{77F9FFBB-2D43-454D-B640-3DEC778637D6}.Debug|Any CPU.Build.0 = Debug|Any CPU
		{77F9FFBB-2D43-454D-B640-3DEC778637D6}.Release|Any CPU.ActiveCfg = Release|Any CPU
		{77F9FFBB-2D43-454D-B640-3DEC778637D6}.Release|Any CPU.Build.0 = Release|Any CPU
		{82937C6C-D667-4515-9F77-BA38F870DE04}.Debug|Any CPU.ActiveCfg = Debug|Any CPU
		{82937C6C-D667-4515-9F77-BA38F870DE04}.Debug|Any CPU.Build.0 = Debug|Any CPU
		{82937C6C-D667-4515-9F77-BA38F870DE04}.Release|Any CPU.ActiveCfg = Release|Any CPU
		{82937C6C-D667-4515-9F77-BA38F870DE04}.Release|Any CPU.Build.0 = Release|Any CPU
	EndGlobalSection
EndGlobal
