
Microsoft Visual Studio Solution File, Format Version 12.00
Project("{FAE04EC0-301F-11D3-BF4B-00C04F79EFBC}") = "Shop", "Shop\Shop.csproj", "{B6FD8B10-097B-4561-A7DF-90036BBAD381}"
EndProject
Global
	GlobalSection(SolutionConfigurationPlatforms) = preSolution
		Debug|Any CPU = Debug|Any CPU
		Release|Any CPU = Release|Any CPU
	EndGlobalSection
	GlobalSection(ProjectConfigurationPlatforms) = postSolution
		{B6FD8B10-097B-4561-A7DF-90036BBAD381}.Debug|Any CPU.ActiveCfg = Debug|Any CPU
		{B6FD8B10-097B-4561-A7DF-90036BBAD381}.Debug|Any CPU.Build.0 = Debug|Any CPU
		{B6FD8B10-097B-4561-A7DF-90036BBAD381}.Release|Any CPU.ActiveCfg = Release|Any CPU
		{B6FD8B10-097B-4561-A7DF-90036BBAD381}.Release|Any CPU.Build.0 = Release|Any CPU
	EndGlobalSection
EndGlobal
