
Microsoft Visual Studio Solution File, Format Version 12.00
Project("{FAE04EC0-301F-11D3-BF4B-00C04F79EFBC}") = "University", "University\University.csproj", "{2CAE0E2D-B41F-416A-827A-61BDDB345D6A}"
EndProject
Global
	GlobalSection(SolutionConfigurationPlatforms) = preSolution
		Debug|Any CPU = Debug|Any CPU
		Release|Any CPU = Release|Any CPU
	EndGlobalSection
	GlobalSection(ProjectConfigurationPlatforms) = postSolution
		{2CAE0E2D-B41F-416A-827A-61BDDB345D6A}.Debug|Any CPU.ActiveCfg = Debug|Any CPU
		{2CAE0E2D-B41F-416A-827A-61BDDB345D6A}.Debug|Any CPU.Build.0 = Debug|Any CPU
		{2CAE0E2D-B41F-416A-827A-61BDDB345D6A}.Release|Any CPU.ActiveCfg = Release|Any CPU
		{2CAE0E2D-B41F-416A-827A-61BDDB345D6A}.Release|Any CPU.Build.0 = Release|Any CPU
	EndGlobalSection
EndGlobal
